
Microsoft Visual Studio Solution File, Format Version 12.00
# Visual Studio 14
VisualStudioVersion = 14.0.24720.0
MinimumVisualStudioVersion = 10.0.40219.1
Project("{2150E333-8FDC-42A3-9474-1A3956D46DE8}") = "src", "src", "{D74BC602-0D15-4CC6-9D3E-74C313EB4A82}"
EndProject
Project("{2150E333-8FDC-42A3-9474-1A3956D46DE8}") = "Solution Items", "Solution Items", "{6187477D-CEBD-4FE4-8818-5781D29DE619}"
	ProjectSection(SolutionItems) = preProject
		global.json = global.json
	EndProjectSection
EndProject
Project("{8BB2217D-0F2D-49D1-97BC-3654ED321F3B}") = "PublicOrders.App", "src\Public-Orders\PublicOrders.App.xproj", "{40CD8F53-F363-4555-B74A-A1782E195642}"
EndProject
Global
	GlobalSection(SolutionConfigurationPlatforms) = preSolution
		Debug|Any CPU = Debug|Any CPU
		Release|Any CPU = Release|Any CPU
	EndGlobalSection
	GlobalSection(ProjectConfigurationPlatforms) = postSolution
		{40CD8F53-F363-4555-B74A-A1782E195642}.Debug|Any CPU.ActiveCfg = Debug|Any CPU
		{40CD8F53-F363-4555-B74A-A1782E195642}.Debug|Any CPU.Build.0 = Debug|Any CPU
		{40CD8F53-F363-4555-B74A-A1782E195642}.Release|Any CPU.ActiveCfg = Release|Any CPU
		{40CD8F53-F363-4555-B74A-A1782E195642}.Release|Any CPU.Build.0 = Release|Any CPU
	EndGlobalSection
	GlobalSection(SolutionProperties) = preSolution
		HideSolutionNode = FALSE
	EndGlobalSection
	GlobalSection(NestedProjects) = preSolution
		{40CD8F53-F363-4555-B74A-A1782E195642} = {D74BC602-0D15-4CC6-9D3E-74C313EB4A82}
	EndGlobalSection
EndGlobal
